github.com/golang-jwt/jwt/v5 v5.3.1 h1:kYf81DTWFe7t+1VvL7eS+jKFVWaUnK9cB1qbwn63YCY=
github.com/golang-jwt/jwt/v5 v5.3.1/go.mod h1:fxCRLWMO43lRc8nhHWY6LGqRcf+1gQWArsqaEUEa5bE=
github.com/google/go-cmp v0.7.0 h1:wk8382ETsv4JYUZwIsn6YpYiWiBsYLSJiTsyBybVuN8=
github.com/google/go-cmp v0.7.0/go.mod h1:pXiqmnSA92OHEEa9HXL2W4E7lf9JzCmGVUdgjX3N/iU=
github.com/google/uuid v1.6.0 h1:NIvaJDMOsjHA8n1jAhLSgzrAzy1Hgr+hNrb57e+94F0=
github.com/google/uuid v1.6.0/go.mod h1:TIyPZe4MgqvfeYDBFedMoGGpEw/LqOeaOT+nhxU+yHo=
github.com/stackitcloud/stackit-sdk-go/core v0.26.0 h1:jQEb9gkehfp6VCP6TcYk7BI10cz4l0KM2L6hqYBH2QA=
github.com/stackitcloud/stackit-sdk-go/core v0.26.0/go.mod h1:WU1hhxnjXw2EV7CYa1nlEvNpMiRY6CvmIOaHuL3pOaA=
github.com/stackitcloud/stackit-sdk-go/services/iaas v1.13.0 h1:PQZ6n71CMadLU3DjJxJXiPHdK9Bz4hMttBREQD6no34=
github.com/stackitcloud/stackit-sdk-go/services/iaas v1.13.0/go.mod h1:AbPN9BGkdjc+tVsXEX9Vr8BPDjdlDmG26K1FwCKZQVU=
github.com/stackitcloud/stackit-sdk-go/services/resourcemanager v0.24.0 h1:JPP6a0ME1tZXr4iB69d/LtJsCAr58ENBadFaK9f48/c=
github.com/stackitcloud/stackit-sdk-go/services/resourcemanager v0.24.0/go.mod h1:NEz3f+GV5G++BE9/MmZCsXJyCih7jtg0pZuSyG2sLEs=
